
Microsoft Visual Studio Solution File, Format Version 12.00
# Visual Studio Version 17
VisualStudioVersion = 17.9.34701.34
MinimumVisualStudioVersion = 10.0.40219.1
Project("{FAE04EC0-301F-11D3-BF4B-00C04F79EFBC}") = "Proyecto2", "Proyecto2\Proyecto2.csproj", "{3A215307-32B7-46BA-8C69-EAA246363F19}"
EndProject
Global
	GlobalSection(SolutionConfigurationPlatforms) = preSolution
		Debug|Any CPU = Debug|Any CPU
		Release|Any CPU = Release|Any CPU
	EndGlobalSection
	GlobalSection(ProjectConfigurationPlatforms) = postSolution
		{3A215307-32B7-46BA-8C69-EAA246363F19}.Debug|Any CPU.ActiveCfg = Debug|Any CPU
		{3A215307-32B7-46BA-8C69-EAA246363F19}.Debug|Any CPU.Build.0 = Debug|Any CPU
		{3A215307-32B7-46BA-8C69-EAA246363F19}.Release|Any CPU.ActiveCfg = Release|Any CPU
		{3A215307-32B7-46BA-8C69-EAA246363F19}.Release|Any CPU.Build.0 = Release|Any CPU
	EndGlobalSection
	GlobalSection(SolutionProperties) = preSolution
		HideSolutionNode = FALSE
	EndGlobalSection
	GlobalSection(ExtensibilityGlobals) = postSolution
		SolutionGuid = {235DF9FA-9290-4481-883B-9D18EF19E329}
	EndGlobalSection
EndGlobal
